
Microsoft Visual Studio Solution File, Format Version 12.00
Project("{FAE04EC0-301F-11D3-BF4B-00C04F79EFBC}") = "StarWarsApp", "StarWarsApp\StarWarsApp.csproj", "{9F750619-70DB-4AC2-98A3-8072E68413C8}"
EndProject
Global
	GlobalSection(SolutionConfigurationPlatforms) = preSolution
		Debug|Any CPU = Debug|Any CPU
		Release|Any CPU = Release|Any CPU
	EndGlobalSection
	GlobalSection(ProjectConfigurationPlatforms) = postSolution
		{9F750619-70DB-4AC2-98A3-8072E68413C8}.Debug|Any CPU.ActiveCfg = Debug|Any CPU
		{9F750619-70DB-4AC2-98A3-8072E68413C8}.Debug|Any CPU.Build.0 = Debug|Any CPU
		{9F750619-70DB-4AC2-98A3-8072E68413C8}.Release|Any CPU.ActiveCfg = Release|Any CPU
		{9F750619-70DB-4AC2-98A3-8072E68413C8}.Release|Any CPU.Build.0 = Release|Any CPU
	EndGlobalSection
EndGlobal
